github.com/flycoo/learning-frankenphp/docs/LESSONS/lesson-04-cgo/demo-pkg v0.0.0-20260206092621-92b3d8ea4362 h1:1gs9Hp9I7AbYnj6ngBBkKYPdRCUxZeOqrEYxTCyXeDU=
github.com/flycoo/learning-frankenphp/docs/LESSONS/lesson-04-cgo/demo-pkg v0.0.0-20260206092621-92b3d8ea4362/go.mod h1:BH5FZ+k4isZ8oiMdY8oLdmdZSg8r8ZAP06GpbDeW8PQ=
